
Microsoft Visual Studio Solution File, Format Version 12.00
# Visual Studio Version 17
VisualStudioVersion = 17.7.34024.191
MinimumVisualStudioVersion = 10.0.40219.1
Project("{9A19103F-16F7-4668-BE54-9A1E7A4F7556}") = "AbstractLL", "AbstractLL\AbstractLL.csproj", "{F8795CD7-0864-46D7-8B03-F8754DA04E87}"
EndProject
Project("{9A19103F-16F7-4668-BE54-9A1E7A4F7556}") = "ConcreteLL", "ConcreteLL\ConcreteLL.csproj", "{2F936B68-B2AF-4B93-B062-F912E8BFD26C}"
EndProject
Project("{9A19103F-16F7-4668-BE54-9A1E7A4F7556}") = "TestParser", "TestParser\TestParser.csproj", "{9A61FC2B-E41D-4658-94A6-3F9279928F73}"
EndProject
Project("{9A19103F-16F7-4668-BE54-9A1E7A4F7556}") = "JsonElement", "JsonElement\JsonElement.csproj", "{92FF967F-0137-4DF2-BD34-822D57600DB1}"
EndProject
Project("{2150E333-8FDC-42A3-9474-1A3956D46DE8}") = "Itens de Solução", "Itens de Solução", "{1C399C45-92E4-4EB8-9275-FB0CB410996E}"
	ProjectSection(SolutionItems) = preProject
		Contract_Express_Grammar.pdf = Contract_Express_Grammar.pdf
	EndProjectSection
EndProject
Global
	GlobalSection(SolutionConfigurationPlatforms) = preSolution
		Debug|Any CPU = Debug|Any CPU
		Release|Any CPU = Release|Any CPU
	EndGlobalSection
	GlobalSection(ProjectConfigurationPlatforms) = postSolution
		{F8795CD7-0864-46D7-8B03-F8754DA04E87}.Debug|Any CPU.ActiveCfg = Debug|Any CPU
		{F8795CD7-0864-46D7-8B03-F8754DA04E87}.Debug|Any CPU.Build.0 = Debug|Any CPU
		{F8795CD7-0864-46D7-8B03-F8754DA04E87}.Release|Any CPU.ActiveCfg = Release|Any CPU
		{F8795CD7-0864-46D7-8B03-F8754DA04E87}.Release|Any CPU.Build.0 = Release|Any CPU
		{2F936B68-B2AF-4B93-B062-F912E8BFD26C}.Debug|Any CPU.ActiveCfg = Debug|Any CPU
		{2F936B68-B2AF-4B93-B062-F912E8BFD26C}.Debug|Any CPU.Build.0 = Debug|Any CPU
		{2F936B68-B2AF-4B93-B062-F912E8BFD26C}.Release|Any CPU.ActiveCfg = Release|Any CPU
		{2F936B68-B2AF-4B93-B062-F912E8BFD26C}.Release|Any CPU.Build.0 = Release|Any CPU
		{9A61FC2B-E41D-4658-94A6-3F9279928F73}.Debug|Any CPU.ActiveCfg = Debug|Any CPU
		{9A61FC2B-E41D-4658-94A6-3F9279928F73}.Debug|Any CPU.Build.0 = Debug|Any CPU
		{9A61FC2B-E41D-4658-94A6-3F9279928F73}.Release|Any CPU.ActiveCfg = Release|Any CPU
		{9A61FC2B-E41D-4658-94A6-3F9279928F73}.Release|Any CPU.Build.0 = Release|Any CPU
		{92FF967F-0137-4DF2-BD34-822D57600DB1}.Debug|Any CPU.ActiveCfg = Debug|Any CPU
		{92FF967F-0137-4DF2-BD34-822D57600DB1}.Debug|Any CPU.Build.0 = Debug|Any CPU
		{92FF967F-0137-4DF2-BD34-822D57600DB1}.Release|Any CPU.ActiveCfg = Release|Any CPU
		{92FF967F-0137-4DF2-BD34-822D57600DB1}.Release|Any CPU.Build.0 = Release|Any CPU
	EndGlobalSection
	GlobalSection(SolutionProperties) = preSolution
		HideSolutionNode = FALSE
	EndGlobalSection
	GlobalSection(ExtensibilityGlobals) = postSolution
		SolutionGuid = {DB1069BF-F6BF-44AB-8250-D7E51DB7C1C4}
	EndGlobalSection
EndGlobal
